{
  "requires": true,
  "lockfileVersion": 1,
  "dependencies": {
    "formeo": {
      "version": "1.6.2",
      "resolved": "https://registry.npmjs.org/formeo/-/formeo-1.6.2.tgz",
      "integrity": "sha512-ECdzcAuo0wZpFjCWhUlosuE4Qxr9Q0oKd30etOSur9wSk0BsnOYUBIEJ8+WtqqMAKff0xiZKb9n/Yby/EYyX8A==",
      "requires": {
        "sortablejs": "1.10.2"
      }
    },
    "sortablejs": {
      "version": "1.10.2",
      "resolved": "https://registry.npmjs.org/sortablejs/-/sortablejs-1.10.2.tgz",
      "integrity": "sha512-YkPGufevysvfwn5rfdlGyrGjt7/CRHwvRPogD/lC+TnvcN29jDpCifKP+rBqf+LRldfXSTh+0CGLcSg0VIxq3A=="
    }
  }
}
